
Microsoft Visual Studio Solution File, Format Version 12.00
# Visual Studio Version 17
VisualStudioVersion = 17.3.32901.215
MinimumVisualStudioVersion = 10.0.40219.1
Project("{FAE04EC0-301F-11D3-BF4B-00C04F79EFBC}") = "RuleValidation", "RuleValidation\RuleValidation.csproj", "{5893C420-13A4-4235-802C-15191E8B5828}"
EndProject
Project("{FAE04EC0-301F-11D3-BF4B-00C04F79EFBC}") = "TestConsole", "TestConsole\TestConsole.csproj", "{0990C0D6-DB1E-41DA-82AB-7C66BA4799BF}"
EndProject
Global
	GlobalSection(SolutionConfigurationPlatforms) = preSolution
		Debug|Any CPU = Debug|Any CPU
		Release|Any CPU = Release|Any CPU
	EndGlobalSection
	GlobalSection(ProjectConfigurationPlatforms) = postSolution
		{5893C420-13A4-4235-802C-15191E8B5828}.Debug|Any CPU.ActiveCfg = Debug|Any CPU
		{5893C420-13A4-4235-802C-15191E8B5828}.Debug|Any CPU.Build.0 = Debug|Any CPU
		{5893C420-13A4-4235-802C-15191E8B5828}.Release|Any CPU.ActiveCfg = Release|Any CPU
		{5893C420-13A4-4235-802C-15191E8B5828}.Release|Any CPU.Build.0 = Release|Any CPU
		{0990C0D6-DB1E-41DA-82AB-7C66BA4799BF}.Debug|Any CPU.ActiveCfg = Debug|Any CPU
		{0990C0D6-DB1E-41DA-82AB-7C66BA4799BF}.Debug|Any CPU.Build.0 = Debug|Any CPU
		{0990C0D6-DB1E-41DA-82AB-7C66BA4799BF}.Release|Any CPU.ActiveCfg = Release|Any CPU
		{0990C0D6-DB1E-41DA-82AB-7C66BA4799BF}.Release|Any CPU.Build.0 = Release|Any CPU
	EndGlobalSection
	GlobalSection(SolutionProperties) = preSolution
		HideSolutionNode = FALSE
	EndGlobalSection
	GlobalSection(ExtensibilityGlobals) = postSolution
		SolutionGuid = {68D5B602-622C-4646-A9F5-678DD4009C51}
	EndGlobalSection
EndGlobal
